
Microsoft Visual Studio Solution File, Format Version 12.00
# Visual Studio 2013
VisualStudioVersion = 12.0.31101.0
MinimumVisualStudioVersion = 10.0.40219.1
Project("{FAE04EC0-301F-11D3-BF4B-00C04F79EFBC}") = "Pub", "Pub\Pub.csproj", "{ABBDA775-AE12-41CA-B4DA-C046D087DD84}"
EndProject
Project("{FAE04EC0-301F-11D3-BF4B-00C04F79EFBC}") = "Pub.Tests", "Pub.Tests\Pub.Tests.csproj", "{9F8A8194-D604-49CE-9095-DAD5F892523C}"
EndProject
Global
	GlobalSection(SolutionConfigurationPlatforms) = preSolution
		Debug|Any CPU = Debug|Any CPU
		Release|Any CPU = Release|Any CPU
	EndGlobalSection
	GlobalSection(ProjectConfigurationPlatforms) = postSolution
		{ABBDA775-AE12-41CA-B4DA-C046D087DD84}.Debug|Any CPU.ActiveCfg = Debug|Any CPU
		{ABBDA775-AE12-41CA-B4DA-C046D087DD84}.Debug|Any CPU.Build.0 = Debug|Any CPU
		{ABBDA775-AE12-41CA-B4DA-C046D087DD84}.Release|Any CPU.ActiveCfg = Release|Any CPU
		{ABBDA775-AE12-41CA-B4DA-C046D087DD84}.Release|Any CPU.Build.0 = Release|Any CPU
		{9F8A8194-D604-49CE-9095-DAD5F892523C}.Debug|Any CPU.ActiveCfg = Debug|Any CPU
		{9F8A8194-D604-49CE-9095-DAD5F892523C}.Debug|Any CPU.Build.0 = Debug|Any CPU
		{9F8A8194-D604-49CE-9095-DAD5F892523C}.Release|Any CPU.ActiveCfg = Release|Any CPU
		{9F8A8194-D604-49CE-9095-DAD5F892523C}.Release|Any CPU.Build.0 = Release|Any CPU
	EndGlobalSection
	GlobalSection(SolutionProperties) = preSolution
		HideSolutionNode = FALSE
	EndGlobalSection
EndGlobal
